{
  "requires": true,
  "lockfileVersion": 1,
  "dependencies": {
    "poppacalypse-palindrome": {
      "version": "0.2.1",
      "resolved": "https://registry.npmjs.org/poppacalypse-palindrome/-/poppacalypse-palindrome-0.2.1.tgz",
      "integrity": "sha512-D8ofEK3kE8hZyONGymawzw3iajLc621S5c1Z63SNncQK+YktYfJhHeadLJTGjc6ZqbxZML/G9Ynqq+x2C+7zPQ=="
    }
  }
}
