{
  "requires": true,
  "lockfileVersion": 1,
  "dependencies": {
    "poppacalypse-palindrome": {
      "version": "0.1.0",
      "resolved": "https://registry.npmjs.org/poppacalypse-palindrome/-/poppacalypse-palindrome-0.1.0.tgz",
      "integrity": "sha512-xf2lJUQrptbAsTIU7jTH6ayBqY8KCsAgWp/qWWFjJBpC5gEoEvJtc3YvTtQpFh8G/5S8sqTDzAzR8BfSGGWJHQ=="
    }
  }
}
